
Microsoft Visual Studio Solution File, Format Version 12.00
# Visual Studio 15
VisualStudioVersion = 15.0.28307.1433
MinimumVisualStudioVersion = 10.0.40219.1
Project("{FAE04EC0-301F-11D3-BF4B-00C04F79EFBC}") = "NetCoreDapperDemo", "NetCoreDapperDemo\NetCoreDapperDemo.csproj", "{4AE5242D-3496-474A-AF6C-BCA8A1C7A273}"
EndProject
Global
	GlobalSection(SolutionConfigurationPlatforms) = preSolution
		Debug|Any CPU = Debug|Any CPU
		Release|Any CPU = Release|Any CPU
	EndGlobalSection
	GlobalSection(ProjectConfigurationPlatforms) = postSolution
		{4AE5242D-3496-474A-AF6C-BCA8A1C7A273}.Debug|Any CPU.ActiveCfg = Debug|Any CPU
		{4AE5242D-3496-474A-AF6C-BCA8A1C7A273}.Debug|Any CPU.Build.0 = Debug|Any CPU
		{4AE5242D-3496-474A-AF6C-BCA8A1C7A273}.Release|Any CPU.ActiveCfg = Release|Any CPU
		{4AE5242D-3496-474A-AF6C-BCA8A1C7A273}.Release|Any CPU.Build.0 = Release|Any CPU
	EndGlobalSection
	GlobalSection(SolutionProperties) = preSolution
		HideSolutionNode = FALSE
	EndGlobalSection
	GlobalSection(ExtensibilityGlobals) = postSolution
		SolutionGuid = {012C0943-4727-4E61-8552-3C54899D650B}
	EndGlobalSection
EndGlobal
